// !$*UTF8*$!
{
	archiveVersion = 1;
	classes = {
	};
	objectVersion = 48;
	objects = {

/* Begin PBXBuildFile section */
		464A86561FB640EE009D77A7 /* conversion.swift in Sources */ = {isa = PBXBuildFile; fileRef = 464A86551FB640EE009D77A7 /* conversion.swift */; };
		46F1858B1FB60DDB00EE2A0A /* AppDelegate.swift in Sources */ = {isa = PBXBuildFile; fileRef = 46F1858A1FB60DDB00EE2A0A /* AppDelegate.swift */; };
		46F185901FB60DDB00EE2A0A /* Main.storyboard in Resources */ = {isa = PBXBuildFile; fileRef = 46F1858E1FB60DDB00EE2A0A /* Main.storyboard */; };
		46F185921FB60DDB00EE2A0A /* Assets.xcassets in Resources */ = {isa = PBXBuildFile; fileRef = 46F185911FB60DDB00EE2A0A /* Assets.xcassets */; };
		46F185951FB60DDB00EE2A0A /* LaunchScreen.storyboard in Resources */ = {isa = PBXBuildFile; fileRef = 46F185931FB60DDB00EE2A0A /* LaunchScreen.storyboard */; };
		46F185A01FB60DDB00EE2A0A /* CalculatorTests.swift in Sources */ = {isa = PBXBuildFile; fileRef = 46F1859F1FB60DDB00EE2A0A /* CalculatorTests.swift */; };
		46F185AB1FB60DDB00EE2A0A /* CalculatorUITests.swift in Sources */ = {isa = PBXBuildFile; fileRef = 46F185AA1FB60DDB00EE2A0A /* CalculatorUITests.swift */; };
		46F185C11FB635F700EE2A0A /* converterViewController.swift in Sources */ = {isa = PBXBuildFile; fileRef = 46F185C01FB635F700EE2A0A /* converterViewController.swift */; };
/* End PBXBuildFile section */

/* Begin PBXContainerItemProxy section */
		46F1859C1FB60DDB00EE2A0A /* PBXContainerItemProxy */ = {
			isa = PBXContainerItemProxy;
			containerPortal = 46F1857F1FB60DDB00EE2A0A /* Project object */;
			proxyType = 1;
			remoteGlobalIDString = 46F185861FB60DDB00EE2A0A;
			remoteInfo = Calculator;
		};
		46F185A71FB60DDB00EE2A0A /* PBXContainerItemProxy */ = {
			isa = PBXContainerItemProxy;
			containerPortal = 46F1857F1FB60DDB00EE2A0A /* Project object */;
			proxyType = 1;
			remoteGlobalIDString = 46F185861FB60DDB00EE2A0A;
			remoteInfo = Calculator;
		};
/* End PBXContainerItemProxy section */

/* Begin PBXFileReference section */
		464A86551FB640EE009D77A7 /* conversion.swift */ = {isa = PBXFileReference; lastKnownFileType = sourcecode.swift; path = conversion.swift; sourceTree = "<group>"; };
		46F185871FB60DDB00EE2A0A /* Calculator.app */ = {isa = PBXFileReference; explicitFileType = wrapper.application; includeInIndex = 0; path = Calculator.app; sourceTree = BUILT_PRODUCTS_DIR; };
		46F1858A1FB60DDB00EE2A0A /* AppDelegate.swift */ = {isa = PBXFileReference; lastKnownFileType = sourcecode.swift; path = AppDelegate.swift; sourceTree = "<group>"; };
		46F1858F1FB60DDB00EE2A0A /* Base */ = {isa = PBXFileReference; lastKnownFileType = file.storyboard; name = Base; path = Base.lproj/Main.storyboard; sourceTree = "<group>"; };
		46F185911FB60DDB00EE2A0A /* Assets.xcassets */ = {isa = PBXFileReference; lastKnownFileType = folder.assetcatalog; path = Assets.xcassets; sourceTree = "<group>"; };
		46F185941FB60DDB00EE2A0A /* Base */ = {isa = PBXFileReference; lastKnownFileType = file.storyboard; name = Base; path = Base.lproj/LaunchScreen.storyboard; sourceTree = "<group>"; };
		46F185961FB60DDB00EE2A0A /* Info.plist */ = {isa = PBXFileReference; lastKnownFileType = text.plist.xml; path = Info.plist; sourceTree = "<group>"; };
		46F1859B1FB60DDB00EE2A0A /* CalculatorTests.xctest */ = {isa = PBXFileReference; explicitFileType = wrapper.cfbundle; includeInIndex = 0; path = CalculatorTests.xctest; sourceTree = BUILT_PRODUCTS_DIR; };
		46F1859F1FB60DDB00EE2A0A /* CalculatorTests.swift */ = {isa = PBXFileReference; lastKnownFileType = sourcecode.swift; path = CalculatorTests.swift; sourceTree = "<group>"; };
		46F185A11FB60DDB00EE2A0A /* Info.plist */ = {isa = PBXFileReference; lastKnownFileType = text.plist.xml; path = Info.plist; sourceTree = "<group>"; };
		46F185A61FB60DDB00EE2A0A /* CalculatorUITests.xctest */ = {isa = PBXFileReference; explicitFileType = wrapper.cfbundle; includeInIndex = 0; path = CalculatorUITests.xctest; sourceTree = BUILT_PRODUCTS_DIR; };
		46F185AA1FB60DDB00EE2A0A /* CalculatorUITests.swift */ = {isa = PBXFileReference; lastKnownFileType = sourcecode.swift; path = CalculatorUITests.swift; sourceTree = "<group>"; };
		46F185AC1FB60DDB00EE2A0A /* Info.plist */ = {isa = PBXFileReference; lastKnownFileType = text.plist.xml; path = Info.plist; sourceTree = "<group>"; };
		46F185C01FB635F700EE2A0A /* converterViewController.swift */ = {isa = PBXFileReference; lastKnownFileType = sourcecode.swift; path = converterViewController.swift; sourceTree = "<group>"; };
/* End PBXFileReference section */

/* Begin PBXFrameworksBuildPhase section */
		46F185841FB60DDB00EE2A0A /* Frameworks */ = {
			isa = PBXFrameworksBuildPhase;
			buildActionMask = 2147483647;
			files = (
			);
			runOnlyForDeploymentPostprocessing = 0;
		};
		46F185981FB60DDB00EE2A0A /* Frameworks */ = {
			isa = PBXFrameworksBuildPhase;
			buildActionMask = 2147483647;
			files = (
			);
			runOnlyForDeploymentPostprocessing = 0;
		};
		46F185A31FB60DDB00EE2A0A /* Frameworks */ = {
			isa = PBXFrameworksBuildPhase;
			buildActionMask = 2147483647;
			files = (
			);
			runOnlyForDeploymentPostprocessing = 0;
		};
/* End PBXFrameworksBuildPhase section */

/* Begin PBXGroup section */
		46F1857E1FB60DDB00EE2A0A = {
			isa = PBXGroup;
			children = (
				46F185891FB60DDB00EE2A0A /* Calculator */,
				46F1859E1FB60DDB00EE2A0A /* CalculatorTests */,
				46F185A91FB60DDB00EE2A0A /* CalculatorUITests */,
				46F185881FB60DDB00EE2A0A /* Products */,
			);
			sourceTree = "<group>";
		};
		46F185881FB60DDB00EE2A0A /* Products */ = {
			isa = PBXGroup;
			children = (
				46F185871FB60DDB00EE2A0A /* Calculator.app */,
				46F1859B1FB60DDB00EE2A0A /* CalculatorTests.xctest */,
				46F185A61FB60DDB00EE2A0A /* CalculatorUITests.xctest */,
			);
			name = Products;
			sourceTree = "<group>";
		};
		46F185891FB60DDB00EE2A0A /* Calculator */ = {
			isa = PBXGroup;
			children = (
				46F1858A1FB60DDB00EE2A0A /* AppDelegate.swift */,
				46F1858E1FB60DDB00EE2A0A /* Main.storyboard */,
				46F185C01FB635F700EE2A0A /* converterViewController.swift */,
				464A86551FB640EE009D77A7 /* conversion.swift */,
				46F185911FB60DDB00EE2A0A /* Assets.xcassets */,
				46F185931FB60DDB00EE2A0A /* LaunchScreen.storyboard */,
				46F185961FB60DDB00EE2A0A /* Info.plist */,
			);
			path = Calculator;
			sourceTree = "<group>";
		};
		46F1859E1FB60DDB00EE2A0A /* CalculatorTests */ = {
			isa = PBXGroup;
			children = (
				46F1859F1FB60DDB00EE2A0A /* CalculatorTests.swift */,
				46F185A11FB60DDB00EE2A0A /* Info.plist */,
			);
			path = CalculatorTests;
			sourceTree = "<group>";
		};
		46F185A91FB60DDB00EE2A0A /* CalculatorUITests */ = {
			isa = PBXGroup;
			children = (
				46F185AA1FB60DDB00EE2A0A /* CalculatorUITests.swift */,
				46F185AC1FB60DDB00EE2A0A /* Info.plist */,
			);
			path = CalculatorUITests;
			sourceTree = "<group>";
		};
/* End PBXGroup section */

/* Begin PBXNativeTarget section */
		46F185861FB60DDB00EE2A0A /* Calculator */ = {
			isa = PBXNativeTarget;
			buildConfigurationList = 46F185AF1FB60DDB00EE2A0A /* Build configuration list for PBXNativeTarget "Calculator" */;
			buildPhases = (
				46F185831FB60DDB00EE2A0A /* Sources */,
				46F185841FB60DDB00EE2A0A /* Frameworks */,
				46F185851FB60DDB00EE2A0A /* Resources */,
			);
			buildRules = (
			);
			dependencies = (
			);
			name = Calculator;
			productName = Calculator;
			productReference = 46F185871FB60DDB00EE2A0A /* Calculator.app */;
			productType = "com.apple.product-type.application";
		};
		46F1859A1FB60DDB00EE2A0A /* CalculatorTests */ = {
			isa = PBXNativeTarget;
			buildConfigurationList = 46F185B21FB60DDB00EE2A0A /* Build configuration list for PBXNativeTarget "CalculatorTests" */;
			buildPhases = (
				46F185971FB60DDB00EE2A0A /* Sources */,
				46F185981FB60DDB00EE2A0A /* Frameworks */,
				46F185991FB60DDB00EE2A0A /* Resources */,
			);
			buildRules = (
			);
			dependencies = (
				46F1859D1FB60DDB00EE2A0A /* PBXTargetDependency */,
			);
			name = CalculatorTests;
			productName = CalculatorTests;
			productReference = 46F1859B1FB60DDB00EE2A0A /* CalculatorTests.xctest */;
			productType = "com.apple.product-type.bundle.unit-test";
		};
		46F185A51FB60DDB00EE2A0A /* CalculatorUITests */ = {
			isa = PBXNativeTarget;
			buildConfigurationList = 46F185B51FB60DDB00EE2A0A /* Build configuration list for PBXNativeTarget "CalculatorUITests" */;
			buildPhases = (
				46F185A21FB60DDB00EE2A0A /* Sources */,
				46F185A31FB60DDB00EE2A0A /* Frameworks */,
				46F185A41FB60DDB00EE2A0A /* Resources */,
			);
			buildRules = (
			);
			dependencies = (
				46F185A81FB60DDB00EE2A0A /* PBXTargetDependency */,
			);
			name = CalculatorUITests;
			productName = CalculatorUITests;
			productReference = 46F185A61FB60DDB00EE2A0A /* CalculatorUITests.xctest */;
			productType = "com.apple.product-type.bundle.ui-testing";
		};
/* End PBXNativeTarget section */

/* Begin PBXProject section */
		46F1857F1FB60DDB00EE2A0A /* Project object */ = {
			isa = PBXProject;
			attributes = {
				LastSwiftUpdateCheck = 0910;
				LastUpgradeCheck = 0910;
				ORGANIZATIONNAME = "Benson Philipose";
				TargetAttributes = {
					46F185861FB60DDB00EE2A0A = {
						CreatedOnToolsVersion = 9.1;
						ProvisioningStyle = Automatic;
					};
					46F1859A1FB60DDB00EE2A0A = {
						CreatedOnToolsVersion = 9.1;
						ProvisioningStyle = Automatic;
						TestTargetID = 46F185861FB60DDB00EE2A0A;
					};
					46F185A51FB60DDB00EE2A0A = {
						CreatedOnToolsVersion = 9.1;
						ProvisioningStyle = Automatic;
						TestTargetID = 46F185861FB60DDB00EE2A0A;
					};
				};
			};
			buildConfigurationList = 46F185821FB60DDB00EE2A0A /* Build configuration list for PBXProject "Calculator" */;
			compatibilityVersion = "Xcode 8.0";
			developmentRegion = en;
			hasScannedForEncodings = 0;
			knownRegions = (
				en,
				Base,
			);
			mainGroup = 46F1857E1FB60DDB00EE2A0A;
			productRefGroup = 46F185881FB60DDB00EE2A0A /* Products */;
			projectDirPath = "";
			projectRoot = "";
			targets = (
				46F185861FB60DDB00EE2A0A /* Calculator */,
				46F1859A1FB60DDB00EE2A0A /* CalculatorTests */,
				46F185A51FB60DDB00EE2A0A /* CalculatorUITests */,
			);
		};
/* End PBXProject section */

/* Begin PBXResourcesBuildPhase section */
		46F185851FB60DDB00EE2A0A /* Resources */ = {
			isa = PBXResourcesBuildPhase;
			buildActionMask = 2147483647;
			files = (
				46F185951FB60DDB00EE2A0A /* LaunchScreen.storyboard in Resources */,
				46F185921FB60DDB00EE2A0A /* Assets.xcassets in Resources */,
				46F185901FB60DDB00EE2A0A /* Main.storyboard in Resources */,
			);
			runOnlyForDeploymentPostprocessing = 0;
		};
		46F185991FB60DDB00EE2A0A /* Resources */ = {
			isa = PBXResourcesBuildPhase;
			buildActionMask = 2147483647;
			files = (
			);
			runOnlyForDeploymentPostprocessing = 0;
		};
		46F185A41FB60DDB00EE2A0A /* Resources */ = {
			isa = PBXResourcesBuildPhase;
			buildActionMask = 2147483647;
			files = (
			);
			runOnlyForDeploymentPostprocessing = 0;
		};
/* End PBXResourcesBuildPhase section */

/* Begin PBXSourcesBuildPhase section */
		46F185831FB60DDB00EE2A0A /* Sources */ = {
			isa = PBXSourcesBuildPhase;
			buildActionMask = 2147483647;
			files = (
				46F1858B1FB60DDB00EE2A0A /* AppDelegate.swift in Sources */,
				464A86561FB640EE009D77A7 /* conversion.swift in Sources */,
				46F185C11FB635F700EE2A0A /* converterViewController.swift in Sources */,
			);
			runOnlyForDeploymentPostprocessing = 0;
		};
		46F185971FB60DDB00EE2A0A /* Sources */ = {
			isa = PBXSourcesBuildPhase;
			buildActionMask = 2147483647;
			files = (
				46F185A01FB60DDB00EE2A0A /* CalculatorTests.swift in Sources */,
			);
			runOnlyForDeploymentPostprocessing = 0;
		};
		46F185A21FB60DDB00EE2A0A /* Sources */ = {
			isa = PBXSourcesBuildPhase;
			buildActionMask = 2147483647;
			files = (
				46F185AB1FB60DDB00EE2A0A /* CalculatorUITests.swift in Sources */,
			);
			runOnlyForDeploymentPostprocessing = 0;
		};
/* End PBXSourcesBuildPhase section */

/* Begin PBXTargetDependency section */
		46F1859D1FB60DDB00EE2A0A /* PBXTargetDependency */ = {
			isa = PBXTargetDependency;
			target = 46F185861FB60DDB00EE2A0A /* Calculator */;
			targetProxy = 46F1859C1FB60DDB00EE2A0A /* PBXContainerItemProxy */;
		};
		46F185A81FB60DDB00EE2A0A /* PBXTargetDependency */ = {
			isa = PBXTargetDependency;
			target = 46F185861FB60DDB00EE2A0A /* Calculator */;
			targetProxy = 46F185A71FB60DDB00EE2A0A /* PBXContainerItemProxy */;
		};
/* End PBXTargetDependency section */

/* Begin PBXVariantGroup section */
		46F1858E1FB60DDB00EE2A0A /* Main.storyboard */ = {
			isa = PBXVariantGroup;
			children = (
				46F1858F1FB60DDB00EE2A0A /* Base */,
			);
			name = Main.storyboard;
			sourceTree = "<group>";
		};
		46F185931FB60DDB00EE2A0A /* LaunchScreen.storyboard */ = {
			isa = PBXVariantGroup;
			children = (
				46F185941FB60DDB00EE2A0A /* Base */,
			);
			name = LaunchScreen.storyboard;
			sourceTree = "<group>";
		};
/* End PBXVariantGroup section */

/* Begin XCBuildConfiguration section */
		46F185AD1FB60DDB00EE2A0A /* Debug */ = {
			isa = XCBuildConfiguration;
			buildSettings = {
				ALWAYS_SEARCH_USER_PATHS = NO;
				CLANG_ANALYZER_NONNULL = YES;
				CLANG_ANALYZER_NUMBER_OBJECT_CONVERSION = YES_AGGRESSIVE;
				CLANG_CXX_LANGUAGE_STANDARD = "gnu++14";
				CLANG_CXX_LIBRARY = "libc++";
				CLANG_ENABLE_MODULES = YES;
				CLANG_ENABLE_OBJC_ARC = YES;
				CLANG_WARN_BLOCK_CAPTURE_AUTORELEASING = YES;
				CLANG_WARN_BOOL_CONVERSION = YES;
				CLANG_WARN_COMMA = YES;
				CLANG_WARN_CONSTANT_CONVERSION = YES;
				CLANG_WARN_DIRECT_OBJC_ISA_USAGE = YES_ERROR;
				CLANG_WARN_DOCUMENTATION_COMMENTS = YES;
				CLANG_WARN_EMPTY_BODY = YES;
				CLANG_WARN_ENUM_CONVERSION = YES;
				CLANG_WARN_INFINITE_RECURSION = YES;
				CLANG_WARN_INT_CONVERSION = YES;
				CLANG_WARN_NON_LITERAL_NULL_CONVERSION = YES;
				CLANG_WARN_OBJC_LITERAL_CONVERSION = YES;
				CLANG_WARN_OBJC_ROOT_CLASS = YES_ERROR;
				CLANG_WARN_RANGE_LOOP_ANALYSIS = YES;
				CLANG_WARN_STRICT_PROTOTYPES = YES;
				CLANG_WARN_SUSPICIOUS_MOVE = YES;
				CLANG_WARN_UNGUARDED_AVAILABILITY = YES_AGGRESSIVE;
				CLANG_WARN_UNREACHABLE_CODE = YES;
				CLANG_WARN__DUPLICATE_METHOD_MATCH = YES;
				CODE_SIGN_IDENTITY = "iPhone Developer";
				COPY_PHASE_STRIP = NO;
				DEBUG_INFORMATION_FORMAT = dwarf;
				ENABLE_STRICT_OBJC_MSGSEND = YES;
				ENABLE_TESTABILITY = YES;
				GCC_C_LANGUAGE_STANDARD = gnu11;
				GCC_DYNAMIC_NO_PIC = NO;
				GCC_NO_COMMON_BLOCKS = YES;
				GCC_OPTIMIZATION_LEVEL = 0;
				GCC_PREPROCESSOR_DEFINITIONS = (
					"DEBUG=1",
					"$(inherited)",
				);
				GCC_WARN_64_TO_32_BIT_CONVERSION = YES;
				GCC_WARN_ABOUT_RETURN_TYPE = YES_ERROR;
				GCC_WARN_UNDECLARED_SELECTOR = YES;
				GCC_WARN_UNINITIALIZED_AUTOS = YES_AGGRESSIVE;
				GCC_WARN_UNUSED_FUNCTION = YES;
				GCC_WARN_UNUSED_VARIABLE = YES;
				IPHONEOS_DEPLOYMENT_TARGET = 11.1;
				MTL_ENABLE_DEBUG_INFO = YES;
				ONLY_ACTIVE_ARCH = YES;
				SDKROOT = iphoneos;
				SWIFT_ACTIVE_COMPILATION_CONDITIONS = DEBUG;
				SWIFT_OPTIMIZATION_LEVEL = "-Onone";
			};
			name = Debug;
		};
		46F185AE1FB60DDB00EE2A0A /* Release */ = {
			isa = XCBuildConfiguration;
			buildSettings = {
				ALWAYS_SEARCH_USER_PATHS = NO;
				CLANG_ANALYZER_NONNULL = YES;
				CLANG_ANALYZER_NUMBER_OBJECT_CONVERSION = YES_AGGRESSIVE;
				CLANG_CXX_LANGUAGE_STANDARD = "gnu++14";
				CLANG_CXX_LIBRARY = "libc++";
				CLANG_ENABLE_MODULES = YES;
				CLANG_ENABLE_OBJC_ARC = YES;
				CLANG_WARN_BLOCK_CAPTURE_AUTORELEASING = YES;
				CLANG_WARN_BOOL_CONVERSION = YES;
				CLANG_WARN_COMMA = YES;
				CLANG_WARN_CONSTANT_CONVERSION = YES;
				CLANG_WARN_DIRECT_OBJC_ISA_USAGE = YES_ERROR;
				CLANG_WARN_DOCUMENTATION_COMMENTS = YES;
				CLANG_WARN_EMPTY_BODY = YES;
				CLANG_WARN_ENUM_CONVERSION = YES;
				CLANG_WARN_INFINITE_RECURSION = YES;
				CLANG_WARN_INT_CONVERSION = YES;
				CLANG_WARN_NON_LITERAL_NULL_CONVERSION = YES;
				CLANG_WARN_OBJC_LITERAL_CONVERSION = YES;
				CLANG_WARN_OBJC_ROOT_CLASS = YES_ERROR;
				CLANG_WARN_RANGE_LOOP_ANALYSIS = YES;
				CLANG_WARN_STRICT_PROTOTYPES = YES;
				CLANG_WARN_SUSPICIOUS_MOVE = YES;
				CLANG_WARN_UNGUARDED_AVAILABILITY = YES_AGGRESSIVE;
				CLANG_WARN_UNREACHABLE_CODE = YES;
				CLANG_WARN__DUPLICATE_METHOD_MATCH = YES;
				CODE_SIGN_IDENTITY = "iPhone Developer";
				COPY_PHASE_STRIP = NO;
				DEBUG_INFORMATION_FORMAT = "dwarf-with-dsym";
				ENABLE_NS_ASSERTIONS = NO;
				ENABLE_STRICT_OBJC_MSGSEND = YES;
				GCC_C_LANGUAGE_STANDARD = gnu11;
				GCC_NO_COMMON_BLOCKS = YES;
				GCC_WARN_64_TO_32_BIT_CONVERSION = YES;
				GCC_WARN_ABOUT_RETURN_TYPE = YES_ERROR;
				GCC_WARN_UNDECLARED_SELECTOR = YES;
				GCC_WARN_UNINITIALIZED_AUTOS = YES_AGGRESSIVE;
				GCC_WARN_UNUSED_FUNCTION = YES;
				GCC_WARN_UNUSED_VARIABLE = YES;
				IPHONEOS_DEPLOYMENT_TARGET = 11.1;
				MTL_ENABLE_DEBUG_INFO = NO;
				SDKROOT = iphoneos;
				SWIFT_OPTIMIZATION_LEVEL = "-Owholemodule";
				VALIDATE_PRODUCT = YES;
			};
			name = Release;
		};
		46F185B01FB60DDB00EE2A0A /* Debug */ = {
			isa = XCBuildConfiguration;
			buildSettings = {
				ASSETCATALOG_COMPILER_APPICON_NAME = AppIcon;
				CODE_SIGN_STYLE = Automatic;
				INFOPLIST_FILE = Calculator/Info.plist;
				LD_RUNPATH_SEARCH_PATHS = "$(inherited) @executable_path/Frameworks";
				PRODUCT_BUNDLE_IDENTIFIER = bpp6d.Calculator;
				PRODUCT_NAME = "$(TARGET_NAME)";
				SWIFT_VERSION = 4.0;
				TARGETED_DEVICE_FAMILY = "1,2";
			};
			name = Debug;
		};
		46F185B11FB60DDB00EE2A0A /* Release */ = {
			isa = XCBuildConfiguration;
			buildSettings = {
				ASSETCATALOG_COMPILER_APPICON_NAME = AppIcon;
				CODE_SIGN_STYLE = Automatic;
				INFOPLIST_FILE = Calculator/Info.plist;
				LD_RUNPATH_SEARCH_PATHS = "$(inherited) @executable_path/Frameworks";
				PRODUCT_BUNDLE_IDENTIFIER = bpp6d.Calculator;
				PRODUCT_NAME = "$(TARGET_NAME)";
				SWIFT_VERSION = 4.0;
				TARGETED_DEVICE_FAMILY = "1,2";
			};
			name = Release;
		};
		46F185B31FB60DDB00EE2A0A /* Debug */ = {
			isa = XCBuildConfiguration;
			buildSettings = {
				ALWAYS_EMBED_SWIFT_STANDARD_LIBRARIES = YES;
				BUNDLE_LOADER = "$(TEST_HOST)";
				CODE_SIGN_STYLE = Automatic;
				INFOPLIST_FILE = CalculatorTests/Info.plist;
				LD_RUNPATH_SEARCH_PATHS = "$(inherited) @executable_path/Frameworks @loader_path/Frameworks";
				PRODUCT_BUNDLE_IDENTIFIER = bpp6d.CalculatorTests;
				PRODUCT_NAME = "$(TARGET_NAME)";
				SWIFT_VERSION = 4.0;
				TARGETED_DEVICE_FAMILY = "1,2";
				TEST_HOST = "$(BUILT_PRODUCTS_DIR)/Calculator.app/Calculator";
			};
			name = Debug;
		};
		46F185B41FB60DDB00EE2A0A /* Release */ = {
			isa = XCBuildConfiguration;
			buildSettings = {
				ALWAYS_EMBED_SWIFT_STANDARD_LIBRARIES = YES;
				BUNDLE_LOADER = "$(TEST_HOST)";
				CODE_SIGN_STYLE = Automatic;
				INFOPLIST_FILE = CalculatorTests/Info.plist;
				LD_RUNPATH_SEARCH_PATHS = "$(inherited) @executable_path/Frameworks @loader_path/Frameworks";
				PRODUCT_BUNDLE_IDENTIFIER = bpp6d.CalculatorTests;
				PRODUCT_NAME = "$(TARGET_NAME)";
				SWIFT_VERSION = 4.0;
				TARGETED_DEVICE_FAMILY = "1,2";
				TEST_HOST = "$(BUILT_PRODUCTS_DIR)/Calculator.app/Calculator";
			};
			name = Release;
		};
		46F185B61FB60DDB00EE2A0A /* Debug */ = {
			isa = XCBuildConfiguration;
			buildSettings = {
				ALWAYS_EMBED_SWIFT_STANDARD_LIBRARIES = YES;
				CODE_SIGN_STYLE = Automatic;
				INFOPLIST_FILE = CalculatorUITests/Info.plist;
				LD_RUNPATH_SEARCH_PATHS = "$(inherited) @executable_path/Frameworks @loader_path/Frameworks";
				PRODUCT_BUNDLE_IDENTIFIER = bpp6d.CalculatorUITests;
				PRODUCT_NAME = "$(TARGET_NAME)";
				SWIFT_VERSION = 4.0;
				TARGETED_DEVICE_FAMILY = "1,2";
				TEST_TARGET_NAME = Calculator;
			};
			name = Debug;
		};
		46F185B71FB60DDB00EE2A0A /* Release */ = {
			isa = XCBuildConfiguration;
			buildSettings = {
				ALWAYS_EMBED_SWIFT_STANDARD_LIBRARIES = YES;
				CODE_SIGN_STYLE = Automatic;
				INFOPLIST_FILE = CalculatorUITests/Info.plist;
				LD_RUNPATH_SEARCH_PATHS = "$(inherited) @executable_path/Frameworks @loader_path/Frameworks";
				PRODUCT_BUNDLE_IDENTIFIER = bpp6d.CalculatorUITests;
				PRODUCT_NAME = "$(TARGET_NAME)";
				SWIFT_VERSION = 4.0;
				TARGETED_DEVICE_FAMILY = "1,2";
				TEST_TARGET_NAME = Calculator;
			};
			name = Release;
		};
/* End XCBuildConfiguration section */

/* Begin XCConfigurationList section */
		46F185821FB60DDB00EE2A0A /* Build configuration list for PBXProject "Calculator" */ = {
			isa = XCConfigurationList;
			buildConfigurations = (
				46F185AD1FB60DDB00EE2A0A /* Debug */,
				46F185AE1FB60DDB00EE2A0A /* Release */,
			);
			defaultConfigurationIsVisible = 0;
			defaultConfigurationName = Release;
		};
		46F185AF1FB60DDB00EE2A0A /* Build configuration list for PBXNativeTarget "Calculator" */ = {
			isa = XCConfigurationList;
			buildConfigurations = (
				46F185B01FB60DDB00EE2A0A /* Debug */,
				46F185B11FB60DDB00EE2A0A /* Release */,
			);
			defaultConfigurationIsVisible = 0;
			defaultConfigurationName = Release;
		};
		46F185B21FB60DDB00EE2A0A /* Build configuration list for PBXNativeTarget "CalculatorTests" */ = {
			isa = XCConfigurationList;
			buildConfigurations = (
				46F185B31FB60DDB00EE2A0A /* Debug */,
				46F185B41FB60DDB00EE2A0A /* Release */,
			);
			defaultConfigurationIsVisible = 0;
			defaultConfigurationName = Release;
		};
		46F185B51FB60DDB00EE2A0A /* Build configuration list for PBXNativeTarget "CalculatorUITests" */ = {
			isa = XCConfigurationList;
			buildConfigurations = (
				46F185B61FB60DDB00EE2A0A /* Debug */,
				46F185B71FB60DDB00EE2A0A /* Release */,
			);
			defaultConfigurationIsVisible = 0;
			defaultConfigurationName = Release;
		};
/* End XCConfigurationList section */
	};
	rootObject = 46F1857F1FB60DDB00EE2A0A /* Project object */;
}
